
Microsoft Visual Studio Solution File, Format Version 12.00
# Visual Studio Version 17
VisualStudioVersion = 17.1.32328.378
MinimumVisualStudioVersion = 10.0.40219.1
Project("{9A19103F-16F7-4668-BE54-9A1E7A4F7556}") = "CoreDemo", "CoreDemo\CoreDemo.csproj", "{07031809-2D1E-4A4F-B6FC-65B751C5B825}"
EndProject
Project("{FAE04EC0-301F-11D3-BF4B-00C04F79EFBC}") = "EntityLayer", "EntityLayer\EntityLayer.csproj", "{0605D6F8-AEDE-4EF2-8A00-F99DA963949F}"
EndProject
Project("{FAE04EC0-301F-11D3-BF4B-00C04F79EFBC}") = "DataAccessLayer", "DataAccessLayer\DataAccessLayer.csproj", "{981C3C96-62A4-4390-AF02-929F6D9CB567}"
EndProject
Project("{FAE04EC0-301F-11D3-BF4B-00C04F79EFBC}") = "BusinessLayer", "BusinessLayer\BusinessLayer.csproj", "{8AA5E142-9673-4ACB-96F1-9477578DA157}"
EndProject
Project("{FAE04EC0-301F-11D3-BF4B-00C04F79EFBC}") = "CoreLayer", "CoreLayer\CoreLayer.csproj", "{512540DD-A5E8-4CE2-ACA2-3BB257A23263}"
EndProject
Global
	GlobalSection(SolutionConfigurationPlatforms) = preSolution
		Debug|Any CPU = Debug|Any CPU
		Release|Any CPU = Release|Any CPU
	EndGlobalSection
	GlobalSection(ProjectConfigurationPlatforms) = postSolution
		{07031809-2D1E-4A4F-B6FC-65B751C5B825}.Debug|Any CPU.ActiveCfg = Debug|Any CPU
		{07031809-2D1E-4A4F-B6FC-65B751C5B825}.Debug|Any CPU.Build.0 = Debug|Any CPU
		{07031809-2D1E-4A4F-B6FC-65B751C5B825}.Release|Any CPU.ActiveCfg = Release|Any CPU
		{07031809-2D1E-4A4F-B6FC-65B751C5B825}.Release|Any CPU.Build.0 = Release|Any CPU
		{0605D6F8-AEDE-4EF2-8A00-F99DA963949F}.Debug|Any CPU.ActiveCfg = Debug|Any CPU
		{0605D6F8-AEDE-4EF2-8A00-F99DA963949F}.Debug|Any CPU.Build.0 = Debug|Any CPU
		{0605D6F8-AEDE-4EF2-8A00-F99DA963949F}.Release|Any CPU.ActiveCfg = Release|Any CPU
		{0605D6F8-AEDE-4EF2-8A00-F99DA963949F}.Release|Any CPU.Build.0 = Release|Any CPU
		{981C3C96-62A4-4390-AF02-929F6D9CB567}.Debug|Any CPU.ActiveCfg = Debug|Any CPU
		{981C3C96-62A4-4390-AF02-929F6D9CB567}.Debug|Any CPU.Build.0 = Debug|Any CPU
		{981C3C96-62A4-4390-AF02-929F6D9CB567}.Release|Any CPU.ActiveCfg = Release|Any CPU
		{981C3C96-62A4-4390-AF02-929F6D9CB567}.Release|Any CPU.Build.0 = Release|Any CPU
		{8AA5E142-9673-4ACB-96F1-9477578DA157}.Debug|Any CPU.ActiveCfg = Debug|Any CPU
		{8AA5E142-9673-4ACB-96F1-9477578DA157}.Debug|Any CPU.Build.0 = Debug|Any CPU
		{8AA5E142-9673-4ACB-96F1-9477578DA157}.Release|Any CPU.ActiveCfg = Release|Any CPU
		{8AA5E142-9673-4ACB-96F1-9477578DA157}.Release|Any CPU.Build.0 = Release|Any CPU
		{512540DD-A5E8-4CE2-ACA2-3BB257A23263}.Debug|Any CPU.ActiveCfg = Debug|Any CPU
		{512540DD-A5E8-4CE2-ACA2-3BB257A23263}.Debug|Any CPU.Build.0 = Debug|Any CPU
		{512540DD-A5E8-4CE2-ACA2-3BB257A23263}.Release|Any CPU.ActiveCfg = Release|Any CPU
		{512540DD-A5E8-4CE2-ACA2-3BB257A23263}.Release|Any CPU.Build.0 = Release|Any CPU
	EndGlobalSection
	GlobalSection(SolutionProperties) = preSolution
		HideSolutionNode = FALSE
	EndGlobalSection
	GlobalSection(ExtensibilityGlobals) = postSolution
		SolutionGuid = {56B6E60C-0197-4CEC-956E-E460B6AADAC1}
	EndGlobalSection
EndGlobal
